
Microsoft Visual Studio Solution File, Format Version 12.00
# Visual Studio 15
VisualStudioVersion = 15.0.28010.2036
MinimumVisualStudioVersion = 10.0.40219.1
Project("{FAE04EC0-301F-11D3-BF4B-00C04F79EFBC}") = "CryptoKey", "CryptoKey\CryptoKey.csproj", "{2C5C4CEB-3941-4BD8-80FC-B9834E2B611E}"
EndProject
Global
	GlobalSection(SolutionConfigurationPlatforms) = preSolution
		Debug|Any CPU = Debug|Any CPU
		Release|Any CPU = Release|Any CPU
	EndGlobalSection
	GlobalSection(ProjectConfigurationPlatforms) = postSolution
		{2C5C4CEB-3941-4BD8-80FC-B9834E2B611E}.Debug|Any CPU.ActiveCfg = Debug|Any CPU
		{2C5C4CEB-3941-4BD8-80FC-B9834E2B611E}.Debug|Any CPU.Build.0 = Debug|Any CPU
		{2C5C4CEB-3941-4BD8-80FC-B9834E2B611E}.Release|Any CPU.ActiveCfg = Release|Any CPU
		{2C5C4CEB-3941-4BD8-80FC-B9834E2B611E}.Release|Any CPU.Build.0 = Release|Any CPU
	EndGlobalSection
	GlobalSection(SolutionProperties) = preSolution
		HideSolutionNode = FALSE
	EndGlobalSection
	GlobalSection(ExtensibilityGlobals) = postSolution
		SolutionGuid = {F51A1D4B-12D4-455F-878C-47F1D28F7F67}
	EndGlobalSection
EndGlobal
